
Microsoft Visual Studio Solution File, Format Version 12.00
# Visual Studio 2013
VisualStudioVersion = 12.0.30723.0
MinimumVisualStudioVersion = 10.0.40219.1
Project("{FAE04EC0-301F-11D3-BF4B-00C04F79EFBC}") = "TestRepo", "TestRepo\TestRepo.csproj", "{2815DBFA-0E8F-425E-BF98-13E9965B7EFE}"
EndProject
Project("{FAE04EC0-301F-11D3-BF4B-00C04F79EFBC}") = "TestRepo.Tests", "TestRepo.Tests\TestRepo.Tests.csproj", "{8DCA5113-626C-4900-96C4-993CED76D423}"
EndProject
Global
	GlobalSection(SolutionConfigurationPlatforms) = preSolution
		Debug|Any CPU = Debug|Any CPU
		Release|Any CPU = Release|Any CPU
	EndGlobalSection
	GlobalSection(ProjectConfigurationPlatforms) = postSolution
		{2815DBFA-0E8F-425E-BF98-13E9965B7EFE}.Debug|Any CPU.ActiveCfg = Debug|Any CPU
		{2815DBFA-0E8F-425E-BF98-13E9965B7EFE}.Debug|Any CPU.Build.0 = Debug|Any CPU
		{2815DBFA-0E8F-425E-BF98-13E9965B7EFE}.Release|Any CPU.ActiveCfg = Release|Any CPU
		{2815DBFA-0E8F-425E-BF98-13E9965B7EFE}.Release|Any CPU.Build.0 = Release|Any CPU
		{8DCA5113-626C-4900-96C4-993CED76D423}.Debug|Any CPU.ActiveCfg = Debug|Any CPU
		{8DCA5113-626C-4900-96C4-993CED76D423}.Debug|Any CPU.Build.0 = Debug|Any CPU
		{8DCA5113-626C-4900-96C4-993CED76D423}.Release|Any CPU.ActiveCfg = Release|Any CPU
		{8DCA5113-626C-4900-96C4-993CED76D423}.Release|Any CPU.Build.0 = Release|Any CPU
	EndGlobalSection
	GlobalSection(SolutionProperties) = preSolution
		HideSolutionNode = FALSE
	EndGlobalSection
EndGlobal
